
Microsoft Visual Studio Solution File, Format Version 12.00
# Visual Studio Version 16
VisualStudioVersion = 16.0.29306.81
MinimumVisualStudioVersion = 10.0.40219.1
Project("{9A19103F-16F7-4668-BE54-9A1E7A4F7556}") = "Session1", "Session1\Session1.csproj", "{5CB507C3-1EEA-45E4-8474-A73108875362}"
EndProject
Project("{2150E333-8FDC-42A3-9474-1A3956D46DE8}") = "Sessions", "Sessions", "{9A0F65BD-AA8C-4A73-9958-08F995DF574C}"
EndProject
Project("{FAE04EC0-301F-11D3-BF4B-00C04F79EFBC}") = "Session2", "Session2\Session2.csproj", "{F075617D-DC42-463C-9AB8-580816EDF343}"
EndProject
Global
	GlobalSection(SolutionConfigurationPlatforms) = preSolution
		Debug|Any CPU = Debug|Any CPU
		Release|Any CPU = Release|Any CPU
	EndGlobalSection
	GlobalSection(ProjectConfigurationPlatforms) = postSolution
		{5CB507C3-1EEA-45E4-8474-A73108875362}.Debug|Any CPU.ActiveCfg = Debug|Any CPU
		{5CB507C3-1EEA-45E4-8474-A73108875362}.Debug|Any CPU.Build.0 = Debug|Any CPU
		{5CB507C3-1EEA-45E4-8474-A73108875362}.Release|Any CPU.ActiveCfg = Release|Any CPU
		{5CB507C3-1EEA-45E4-8474-A73108875362}.Release|Any CPU.Build.0 = Release|Any CPU
		{F075617D-DC42-463C-9AB8-580816EDF343}.Debug|Any CPU.ActiveCfg = Debug|Any CPU
		{F075617D-DC42-463C-9AB8-580816EDF343}.Debug|Any CPU.Build.0 = Debug|Any CPU
		{F075617D-DC42-463C-9AB8-580816EDF343}.Release|Any CPU.ActiveCfg = Release|Any CPU
		{F075617D-DC42-463C-9AB8-580816EDF343}.Release|Any CPU.Build.0 = Release|Any CPU
	EndGlobalSection
	GlobalSection(SolutionProperties) = preSolution
		HideSolutionNode = FALSE
	EndGlobalSection
	GlobalSection(NestedProjects) = preSolution
		{5CB507C3-1EEA-45E4-8474-A73108875362} = {9A0F65BD-AA8C-4A73-9958-08F995DF574C}
		{F075617D-DC42-463C-9AB8-580816EDF343} = {9A0F65BD-AA8C-4A73-9958-08F995DF574C}
	EndGlobalSection
	GlobalSection(ExtensibilityGlobals) = postSolution
		SolutionGuid = {A2DB1C86-CC0F-4056-929A-820D2803492F}
	EndGlobalSection
EndGlobal
